// !$*UTF8*$!
{
	archiveVersion = 1;
	classes = {
	};
	objectVersion = 46;
	objects = {

/* Begin PBXBuildFile section */
		FB0C64351D70BDEF00C409AB /* AppDelegate.swift in Sources */ = {isa = PBXBuildFile; fileRef = FB0C64341D70BDEF00C409AB /* AppDelegate.swift */; };
		FB0C643A1D70BDEF00C409AB /* Main.storyboard in Resources */ = {isa = PBXBuildFile; fileRef = FB0C64381D70BDEF00C409AB /* Main.storyboard */; };
		FB0C643C1D70BDEF00C409AB /* Assets.xcassets in Resources */ = {isa = PBXBuildFile; fileRef = FB0C643B1D70BDEF00C409AB /* Assets.xcassets */; };
		FB0C643F1D70BDEF00C409AB /* LaunchScreen.storyboard in Resources */ = {isa = PBXBuildFile; fileRef = FB0C643D1D70BDEF00C409AB /* LaunchScreen.storyboard */; };
		FB0C64471D70BEF100C409AB /* AVFoundation.framework in Frameworks */ = {isa = PBXBuildFile; fileRef = FB0C64461D70BEF100C409AB /* AVFoundation.framework */; };
		FB0C64491D70BF0A00C409AB /* SystemConfiguration.framework in Frameworks */ = {isa = PBXBuildFile; fileRef = FB0C64481D70BF0A00C409AB /* SystemConfiguration.framework */; };
		FB0C64511D70F4E600C409AB /* AuthViewController.swift in Sources */ = {isa = PBXBuildFile; fileRef = FB0C64501D70F4E600C409AB /* AuthViewController.swift */; };
		FB0C64531D73289B00C409AB /* HomeScreenViewController.swift in Sources */ = {isa = PBXBuildFile; fileRef = FB0C64521D73289B00C409AB /* HomeScreenViewController.swift */; };
		FB0C64551D747F6300C409AB /* SearchResultsTableViewController.swift in Sources */ = {isa = PBXBuildFile; fileRef = FB0C64541D747F6300C409AB /* SearchResultsTableViewController.swift */; };
		FB0C647A1D74AA6000C409AB /* SearchController.swift in Sources */ = {isa = PBXBuildFile; fileRef = FB0C64791D74AA6000C409AB /* SearchController.swift */; };
		FB0C647C1D74B56F00C409AB /* PlayerViewController.swift in Sources */ = {isa = PBXBuildFile; fileRef = FB0C647B1D74B56F00C409AB /* PlayerViewController.swift */; };
		FB0C647E1D75CCAE00C409AB /* Spotify.framework in Frameworks */ = {isa = PBXBuildFile; fileRef = FB0C647D1D75CCAE00C409AB /* Spotify.framework */; };
		FB0C64EA1D775B8C00C409AB /* QueueController.swift in Sources */ = {isa = PBXBuildFile; fileRef = FB0C64E91D775B8C00C409AB /* QueueController.swift */; };
		FB0C65361D7A2AEB00C409AB /* QueueTableViewCell.swift in Sources */ = {isa = PBXBuildFile; fileRef = FB0C65351D7A2AEB00C409AB /* QueueTableViewCell.swift */; };
		FB0C657A1D7E06FD00C409AB /* SettingsTableViewController.swift in Sources */ = {isa = PBXBuildFile; fileRef = FB0C65791D7E06FD00C409AB /* SettingsTableViewController.swift */; };
		FB1CBEC61D7F5CE400518955 /* PlayerController.swift in Sources */ = {isa = PBXBuildFile; fileRef = FB1CBEC51D7F5CE400518955 /* PlayerController.swift */; };
		FBE3F2FB1DE3B5D800FF81E3 /* ActivityViewController.swift in Sources */ = {isa = PBXBuildFile; fileRef = FBE3F2FA1DE3B5D800FF81E3 /* ActivityViewController.swift */; };
/* End PBXBuildFile section */

/* Begin PBXFileReference section */
		FB0C64311D70BDEF00C409AB /* NewMu.app */ = {isa = PBXFileReference; explicitFileType = wrapper.application; includeInIndex = 0; path = NewMu.app; sourceTree = BUILT_PRODUCTS_DIR; };
		FB0C64341D70BDEF00C409AB /* AppDelegate.swift */ = {isa = PBXFileReference; lastKnownFileType = sourcecode.swift; path = AppDelegate.swift; sourceTree = "<group>"; };
		FB0C64391D70BDEF00C409AB /* Base */ = {isa = PBXFileReference; lastKnownFileType = file.storyboard; name = Base; path = Base.lproj/Main.storyboard; sourceTree = "<group>"; };
		FB0C643B1D70BDEF00C409AB /* Assets.xcassets */ = {isa = PBXFileReference; lastKnownFileType = folder.assetcatalog; path = Assets.xcassets; sourceTree = "<group>"; };
		FB0C643E1D70BDEF00C409AB /* Base */ = {isa = PBXFileReference; lastKnownFileType = file.storyboard; name = Base; path = Base.lproj/LaunchScreen.storyboard; sourceTree = "<group>"; };
		FB0C64401D70BDEF00C409AB /* Info.plist */ = {isa = PBXFileReference; lastKnownFileType = text.plist.xml; path = Info.plist; sourceTree = "<group>"; };
		FB0C64461D70BEF100C409AB /* AVFoundation.framework */ = {isa = PBXFileReference; lastKnownFileType = wrapper.framework; name = AVFoundation.framework; path = System/Library/Frameworks/AVFoundation.framework; sourceTree = SDKROOT; };
		FB0C64481D70BF0A00C409AB /* SystemConfiguration.framework */ = {isa = PBXFileReference; lastKnownFileType = wrapper.framework; name = SystemConfiguration.framework; path = System/Library/Frameworks/SystemConfiguration.framework; sourceTree = SDKROOT; };
		FB0C644C1D70C0EA00C409AB /* Spotifynd-Bridging-Header.h */ = {isa = PBXFileReference; lastKnownFileType = sourcecode.c.h; path = "Spotifynd-Bridging-Header.h"; sourceTree = "<group>"; };
		FB0C64501D70F4E600C409AB /* AuthViewController.swift */ = {isa = PBXFileReference; fileEncoding = 4; lastKnownFileType = sourcecode.swift; path = AuthViewController.swift; sourceTree = "<group>"; };
		FB0C64521D73289B00C409AB /* HomeScreenViewController.swift */ = {isa = PBXFileReference; fileEncoding = 4; lastKnownFileType = sourcecode.swift; path = HomeScreenViewController.swift; sourceTree = "<group>"; };
		FB0C64541D747F6300C409AB /* SearchResultsTableViewController.swift */ = {isa = PBXFileReference; fileEncoding = 4; lastKnownFileType = sourcecode.swift; path = SearchResultsTableViewController.swift; sourceTree = "<group>"; };
		FB0C64791D74AA6000C409AB /* SearchController.swift */ = {isa = PBXFileReference; fileEncoding = 4; lastKnownFileType = sourcecode.swift; path = SearchController.swift; sourceTree = "<group>"; };
		FB0C647B1D74B56F00C409AB /* PlayerViewController.swift */ = {isa = PBXFileReference; fileEncoding = 4; lastKnownFileType = sourcecode.swift; path = PlayerViewController.swift; sourceTree = "<group>"; };
		FB0C647D1D75CCAE00C409AB /* Spotify.framework */ = {isa = PBXFileReference; lastKnownFileType = wrapper.framework; path = Spotify.framework; sourceTree = "<group>"; };
		FB0C64E91D775B8C00C409AB /* QueueController.swift */ = {isa = PBXFileReference; fileEncoding = 4; lastKnownFileType = sourcecode.swift; path = QueueController.swift; sourceTree = "<group>"; };
		FB0C65351D7A2AEB00C409AB /* QueueTableViewCell.swift */ = {isa = PBXFileReference; fileEncoding = 4; lastKnownFileType = sourcecode.swift; path = QueueTableViewCell.swift; sourceTree = "<group>"; };
		FB0C65791D7E06FD00C409AB /* SettingsTableViewController.swift */ = {isa = PBXFileReference; fileEncoding = 4; lastKnownFileType = sourcecode.swift; path = SettingsTableViewController.swift; sourceTree = "<group>"; };
		FB1CBEC51D7F5CE400518955 /* PlayerController.swift */ = {isa = PBXFileReference; fileEncoding = 4; lastKnownFileType = sourcecode.swift; path = PlayerController.swift; sourceTree = "<group>"; };
		FBAF413C1D835258005A60A9 /* Config.h */ = {isa = PBXFileReference; fileEncoding = 4; lastKnownFileType = sourcecode.c.h; path = Config.h; sourceTree = "<group>"; };
		FBE3F2FA1DE3B5D800FF81E3 /* ActivityViewController.swift */ = {isa = PBXFileReference; fileEncoding = 4; lastKnownFileType = sourcecode.swift; path = ActivityViewController.swift; sourceTree = "<group>"; };
/* End PBXFileReference section */

/* Begin PBXFrameworksBuildPhase section */
		FB0C642E1D70BDEF00C409AB /* Frameworks */ = {
			isa = PBXFrameworksBuildPhase;
			buildActionMask = 2147483647;
			files = (
				FB0C64491D70BF0A00C409AB /* SystemConfiguration.framework in Frameworks */,
				FB0C647E1D75CCAE00C409AB /* Spotify.framework in Frameworks */,
				FB0C64471D70BEF100C409AB /* AVFoundation.framework in Frameworks */,
			);
			runOnlyForDeploymentPostprocessing = 0;
		};
/* End PBXFrameworksBuildPhase section */

/* Begin PBXGroup section */
		FB0C64281D70BDEF00C409AB = {
			isa = PBXGroup;
			children = (
				FB0C64481D70BF0A00C409AB /* SystemConfiguration.framework */,
				FB0C64461D70BEF100C409AB /* AVFoundation.framework */,
				FB0C647D1D75CCAE00C409AB /* Spotify.framework */,
				FB0C64331D70BDEF00C409AB /* NewMu */,
				FB0C64321D70BDEF00C409AB /* Products */,
			);
			sourceTree = "<group>";
		};
		FB0C64321D70BDEF00C409AB /* Products */ = {
			isa = PBXGroup;
			children = (
				FB0C64311D70BDEF00C409AB /* NewMu.app */,
			);
			name = Products;
			sourceTree = "<group>";
		};
		FB0C64331D70BDEF00C409AB /* NewMu */ = {
			isa = PBXGroup;
			children = (
				FB0C644C1D70C0EA00C409AB /* Spotifynd-Bridging-Header.h */,
				FBAF413C1D835258005A60A9 /* Config.h */,
				FB0C64341D70BDEF00C409AB /* AppDelegate.swift */,
				FB0C65331D7A2AAE00C409AB /* Controllers */,
				FB0C65341D7A2AB900C409AB /* ViewControllers */,
				FB0C64381D70BDEF00C409AB /* Main.storyboard */,
				FB0C643B1D70BDEF00C409AB /* Assets.xcassets */,
				FB0C643D1D70BDEF00C409AB /* LaunchScreen.storyboard */,
				FB0C64401D70BDEF00C409AB /* Info.plist */,
			);
			name = NewMu;
			path = Spotifynd;
			sourceTree = "<group>";
		};
		FB0C65331D7A2AAE00C409AB /* Controllers */ = {
			isa = PBXGroup;
			children = (
				FB0C64791D74AA6000C409AB /* SearchController.swift */,
				FB0C64E91D775B8C00C409AB /* QueueController.swift */,
				FB1CBEC51D7F5CE400518955 /* PlayerController.swift */,
			);
			name = Controllers;
			sourceTree = "<group>";
		};
		FB0C65341D7A2AB900C409AB /* ViewControllers */ = {
			isa = PBXGroup;
			children = (
				FB0C64501D70F4E600C409AB /* AuthViewController.swift */,
				FB0C64521D73289B00C409AB /* HomeScreenViewController.swift */,
				FB0C64541D747F6300C409AB /* SearchResultsTableViewController.swift */,
				FB0C647B1D74B56F00C409AB /* PlayerViewController.swift */,
				FB0C65791D7E06FD00C409AB /* SettingsTableViewController.swift */,
				FB0C65351D7A2AEB00C409AB /* QueueTableViewCell.swift */,
				FBE3F2FA1DE3B5D800FF81E3 /* ActivityViewController.swift */,
			);
			name = ViewControllers;
			sourceTree = "<group>";
		};
/* End PBXGroup section */

/* Begin PBXNativeTarget section */
		FB0C64301D70BDEF00C409AB /* NewMu */ = {
			isa = PBXNativeTarget;
			buildConfigurationList = FB0C64431D70BDEF00C409AB /* Build configuration list for PBXNativeTarget "NewMu" */;
			buildPhases = (
				FB0C642D1D70BDEF00C409AB /* Sources */,
				FB0C642E1D70BDEF00C409AB /* Frameworks */,
				FB0C642F1D70BDEF00C409AB /* Resources */,
			);
			buildRules = (
			);
			dependencies = (
			);
			name = NewMu;
			productName = Spotifynd;
			productReference = FB0C64311D70BDEF00C409AB /* NewMu.app */;
			productType = "com.apple.product-type.application";
		};
/* End PBXNativeTarget section */

/* Begin PBXProject section */
		FB0C64291D70BDEF00C409AB /* Project object */ = {
			isa = PBXProject;
			attributes = {
				LastSwiftUpdateCheck = 0730;
				LastUpgradeCheck = 0730;
				ORGANIZATIONNAME = "Ryan Plitt";
				TargetAttributes = {
					FB0C64301D70BDEF00C409AB = {
						CreatedOnToolsVersion = 7.3;
						DevelopmentTeam = H4854S58A9;
						LastSwiftMigration = 0800;
						SystemCapabilities = {
							com.apple.BackgroundModes = {
								enabled = 1;
							};
						};
					};
				};
			};
			buildConfigurationList = FB0C642C1D70BDEF00C409AB /* Build configuration list for PBXProject "NewMu" */;
			compatibilityVersion = "Xcode 3.2";
			developmentRegion = English;
			hasScannedForEncodings = 0;
			knownRegions = (
				en,
				Base,
			);
			mainGroup = FB0C64281D70BDEF00C409AB;
			productRefGroup = FB0C64321D70BDEF00C409AB /* Products */;
			projectDirPath = "";
			projectRoot = "";
			targets = (
				FB0C64301D70BDEF00C409AB /* NewMu */,
			);
		};
/* End PBXProject section */

/* Begin PBXResourcesBuildPhase section */
		FB0C642F1D70BDEF00C409AB /* Resources */ = {
			isa = PBXResourcesBuildPhase;
			buildActionMask = 2147483647;
			files = (
				FB0C643F1D70BDEF00C409AB /* LaunchScreen.storyboard in Resources */,
				FB0C643C1D70BDEF00C409AB /* Assets.xcassets in Resources */,
				FB0C643A1D70BDEF00C409AB /* Main.storyboard in Resources */,
			);
			runOnlyForDeploymentPostprocessing = 0;
		};
/* End PBXResourcesBuildPhase section */

/* Begin PBXSourcesBuildPhase section */
		FB0C642D1D70BDEF00C409AB /* Sources */ = {
			isa = PBXSourcesBuildPhase;
			buildActionMask = 2147483647;
			files = (
				FB0C647A1D74AA6000C409AB /* SearchController.swift in Sources */,
				FB0C64EA1D775B8C00C409AB /* QueueController.swift in Sources */,
				FB0C64531D73289B00C409AB /* HomeScreenViewController.swift in Sources */,
				FB0C65361D7A2AEB00C409AB /* QueueTableViewCell.swift in Sources */,
				FB0C647C1D74B56F00C409AB /* PlayerViewController.swift in Sources */,
				FB0C64551D747F6300C409AB /* SearchResultsTableViewController.swift in Sources */,
				FB0C64511D70F4E600C409AB /* AuthViewController.swift in Sources */,
				FB0C64351D70BDEF00C409AB /* AppDelegate.swift in Sources */,
				FB1CBEC61D7F5CE400518955 /* PlayerController.swift in Sources */,
				FB0C657A1D7E06FD00C409AB /* SettingsTableViewController.swift in Sources */,
				FBE3F2FB1DE3B5D800FF81E3 /* ActivityViewController.swift in Sources */,
			);
			runOnlyForDeploymentPostprocessing = 0;
		};
/* End PBXSourcesBuildPhase section */

/* Begin PBXVariantGroup section */
		FB0C64381D70BDEF00C409AB /* Main.storyboard */ = {
			isa = PBXVariantGroup;
			children = (
				FB0C64391D70BDEF00C409AB /* Base */,
			);
			name = Main.storyboard;
			sourceTree = "<group>";
		};
		FB0C643D1D70BDEF00C409AB /* LaunchScreen.storyboard */ = {
			isa = PBXVariantGroup;
			children = (
				FB0C643E1D70BDEF00C409AB /* Base */,
			);
			name = LaunchScreen.storyboard;
			sourceTree = "<group>";
		};
/* End PBXVariantGroup section */

/* Begin XCBuildConfiguration section */
		FB0C64411D70BDEF00C409AB /* Debug */ = {
			isa = XCBuildConfiguration;
			buildSettings = {
				ALWAYS_SEARCH_USER_PATHS = NO;
				CLANG_ANALYZER_NONNULL = YES;
				CLANG_CXX_LANGUAGE_STANDARD = "gnu++0x";
				CLANG_CXX_LIBRARY = "libc++";
				CLANG_ENABLE_MODULES = YES;
				CLANG_ENABLE_OBJC_ARC = YES;
				CLANG_WARN_BOOL_CONVERSION = YES;
				CLANG_WARN_CONSTANT_CONVERSION = YES;
				CLANG_WARN_DIRECT_OBJC_ISA_USAGE = YES_ERROR;
				CLANG_WARN_EMPTY_BODY = YES;
				CLANG_WARN_ENUM_CONVERSION = YES;
				CLANG_WARN_INT_CONVERSION = YES;
				CLANG_WARN_OBJC_ROOT_CLASS = YES_ERROR;
				CLANG_WARN_UNREACHABLE_CODE = YES;
				CLANG_WARN__DUPLICATE_METHOD_MATCH = YES;
				"CODE_SIGN_IDENTITY[sdk=iphoneos*]" = "iPhone Developer";
				COPY_PHASE_STRIP = NO;
				DEBUG_INFORMATION_FORMAT = dwarf;
				ENABLE_STRICT_OBJC_MSGSEND = YES;
				ENABLE_TESTABILITY = YES;
				GCC_C_LANGUAGE_STANDARD = gnu99;
				GCC_DYNAMIC_NO_PIC = NO;
				GCC_NO_COMMON_BLOCKS = YES;
				GCC_OPTIMIZATION_LEVEL = 0;
				GCC_PREPROCESSOR_DEFINITIONS = (
					"DEBUG=1",
					"$(inherited)",
				);
				GCC_WARN_64_TO_32_BIT_CONVERSION = YES;
				GCC_WARN_ABOUT_RETURN_TYPE = YES_ERROR;
				GCC_WARN_UNDECLARED_SELECTOR = YES;
				GCC_WARN_UNINITIALIZED_AUTOS = YES_AGGRESSIVE;
				GCC_WARN_UNUSED_FUNCTION = YES;
				GCC_WARN_UNUSED_VARIABLE = YES;
				IPHONEOS_DEPLOYMENT_TARGET = 9.3;
				MTL_ENABLE_DEBUG_INFO = YES;
				ONLY_ACTIVE_ARCH = YES;
				SDKROOT = iphoneos;
				SWIFT_OPTIMIZATION_LEVEL = "-Onone";
			};
			name = Debug;
		};
		FB0C64421D70BDEF00C409AB /* Release */ = {
			isa = XCBuildConfiguration;
			buildSettings = {
				ALWAYS_SEARCH_USER_PATHS = NO;
				CLANG_ANALYZER_NONNULL = YES;
				CLANG_CXX_LANGUAGE_STANDARD = "gnu++0x";
				CLANG_CXX_LIBRARY = "libc++";
				CLANG_ENABLE_MODULES = YES;
				CLANG_ENABLE_OBJC_ARC = YES;
				CLANG_WARN_BOOL_CONVERSION = YES;
				CLANG_WARN_CONSTANT_CONVERSION = YES;
				CLANG_WARN_DIRECT_OBJC_ISA_USAGE = YES_ERROR;
				CLANG_WARN_EMPTY_BODY = YES;
				CLANG_WARN_ENUM_CONVERSION = YES;
				CLANG_WARN_INT_CONVERSION = YES;
				CLANG_WARN_OBJC_ROOT_CLASS = YES_ERROR;
				CLANG_WARN_UNREACHABLE_CODE = YES;
				CLANG_WARN__DUPLICATE_METHOD_MATCH = YES;
				"CODE_SIGN_IDENTITY[sdk=iphoneos*]" = "iPhone Developer";
				COPY_PHASE_STRIP = NO;
				DEBUG_INFORMATION_FORMAT = "dwarf-with-dsym";
				ENABLE_NS_ASSERTIONS = NO;
				ENABLE_STRICT_OBJC_MSGSEND = YES;
				GCC_C_LANGUAGE_STANDARD = gnu99;
				GCC_NO_COMMON_BLOCKS = YES;
				GCC_WARN_64_TO_32_BIT_CONVERSION = YES;
				GCC_WARN_ABOUT_RETURN_TYPE = YES_ERROR;
				GCC_WARN_UNDECLARED_SELECTOR = YES;
				GCC_WARN_UNINITIALIZED_AUTOS = YES_AGGRESSIVE;
				GCC_WARN_UNUSED_FUNCTION = YES;
				GCC_WARN_UNUSED_VARIABLE = YES;
				IPHONEOS_DEPLOYMENT_TARGET = 9.3;
				MTL_ENABLE_DEBUG_INFO = NO;
				SDKROOT = iphoneos;
				VALIDATE_PRODUCT = YES;
			};
			name = Release;
		};
		FB0C64441D70BDEF00C409AB /* Debug */ = {
			isa = XCBuildConfiguration;
			buildSettings = {
				ASSETCATALOG_COMPILER_APPICON_NAME = AppIcon;
				CLANG_ENABLE_MODULES = YES;
				CODE_SIGN_IDENTITY = "iPhone Developer";
				FRAMEWORK_SEARCH_PATHS = (
					"$(inherited)",
					"$(PROJECT_DIR)",
				);
				INFOPLIST_FILE = Spotifynd/Info.plist;
				IPHONEOS_DEPLOYMENT_TARGET = 9.0;
				LD_RUNPATH_SEARCH_PATHS = "$(inherited) @executable_path/Frameworks";
				OTHER_LDFLAGS = "-ObjC";
				PRODUCT_BUNDLE_IDENTIFIER = com.RyanPlitt.Spotifynd;
				PRODUCT_NAME = NewMu;
				SWIFT_OBJC_BRIDGING_HEADER = "Spotifynd/Spotifynd-Bridging-Header.h";
				SWIFT_OPTIMIZATION_LEVEL = "-Onone";
				SWIFT_VERSION = 2.3;
			};
			name = Debug;
		};
		FB0C64451D70BDEF00C409AB /* Release */ = {
			isa = XCBuildConfiguration;
			buildSettings = {
				ASSETCATALOG_COMPILER_APPICON_NAME = AppIcon;
				CLANG_ENABLE_MODULES = YES;
				CODE_SIGN_IDENTITY = "iPhone Developer";
				FRAMEWORK_SEARCH_PATHS = (
					"$(inherited)",
					"$(PROJECT_DIR)",
				);
				INFOPLIST_FILE = Spotifynd/Info.plist;
				IPHONEOS_DEPLOYMENT_TARGET = 9.0;
				LD_RUNPATH_SEARCH_PATHS = "$(inherited) @executable_path/Frameworks";
				OTHER_LDFLAGS = "-ObjC";
				PRODUCT_BUNDLE_IDENTIFIER = com.RyanPlitt.Spotifynd;
				PRODUCT_NAME = NewMu;
				SWIFT_OBJC_BRIDGING_HEADER = "Spotifynd/Spotifynd-Bridging-Header.h";
				SWIFT_VERSION = 2.3;
			};
			name = Release;
		};
/* End XCBuildConfiguration section */

/* Begin XCConfigurationList section */
		FB0C642C1D70BDEF00C409AB /* Build configuration list for PBXProject "NewMu" */ = {
			isa = XCConfigurationList;
			buildConfigurations = (
				FB0C64411D70BDEF00C409AB /* Debug */,
				FB0C64421D70BDEF00C409AB /* Release */,
			);
			defaultConfigurationIsVisible = 0;
			defaultConfigurationName = Release;
		};
		FB0C64431D70BDEF00C409AB /* Build configuration list for PBXNativeTarget "NewMu" */ = {
			isa = XCConfigurationList;
			buildConfigurations = (
				FB0C64441D70BDEF00C409AB /* Debug */,
				FB0C64451D70BDEF00C409AB /* Release */,
			);
			defaultConfigurationIsVisible = 0;
			defaultConfigurationName = Release;
		};
/* End XCConfigurationList section */
	};
	rootObject = FB0C64291D70BDEF00C409AB /* Project object */;
}
